
Microsoft Visual Studio Solution File, Format Version 12.00
# Visual Studio Version 17
VisualStudioVersion = 17.3.32825.248
MinimumVisualStudioVersion = 10.0.40219.1
Project("{FAE04EC0-301F-11D3-BF4B-00C04F79EFBC}") = "DNT_Classes_Assignment", "DNT_Classes_Assignment\DNT_Classes_Assignment.csproj", "{B8E8CCD8-8BBA-4F13-ADC6-64D2DCB61133}"
EndProject
Project("{FAE04EC0-301F-11D3-BF4B-00C04F79EFBC}") = "FactoryVehicles", "FactoryVehicles\FactoryVehicles.csproj", "{C38D4A77-854F-413B-8D33-44BC5E85904F}"
EndProject
Global
	GlobalSection(SolutionConfigurationPlatforms) = preSolution
		Debug|Any CPU = Debug|Any CPU
		Release|Any CPU = Release|Any CPU
	EndGlobalSection
	GlobalSection(ProjectConfigurationPlatforms) = postSolution
		{B8E8CCD8-8BBA-4F13-ADC6-64D2DCB61133}.Debug|Any CPU.ActiveCfg = Debug|Any CPU
		{B8E8CCD8-8BBA-4F13-ADC6-64D2DCB61133}.Debug|Any CPU.Build.0 = Debug|Any CPU
		{B8E8CCD8-8BBA-4F13-ADC6-64D2DCB61133}.Release|Any CPU.ActiveCfg = Release|Any CPU
		{B8E8CCD8-8BBA-4F13-ADC6-64D2DCB61133}.Release|Any CPU.Build.0 = Release|Any CPU
		{C38D4A77-854F-413B-8D33-44BC5E85904F}.Debug|Any CPU.ActiveCfg = Debug|Any CPU
		{C38D4A77-854F-413B-8D33-44BC5E85904F}.Debug|Any CPU.Build.0 = Debug|Any CPU
		{C38D4A77-854F-413B-8D33-44BC5E85904F}.Release|Any CPU.ActiveCfg = Release|Any CPU
		{C38D4A77-854F-413B-8D33-44BC5E85904F}.Release|Any CPU.Build.0 = Release|Any CPU
	EndGlobalSection
	GlobalSection(SolutionProperties) = preSolution
		HideSolutionNode = FALSE
	EndGlobalSection
	GlobalSection(ExtensibilityGlobals) = postSolution
		SolutionGuid = {755B0E0E-58C8-4DF2-B0A2-45947A2AB290}
	EndGlobalSection
EndGlobal
